
Microsoft Visual Studio Solution File, Format Version 12.00
# Visual Studio Version 16
VisualStudioVersion = 16.0.30320.27
MinimumVisualStudioVersion = 10.0.40219.1
Project("{9A19103F-16F7-4668-BE54-9A1E7A4F7556}") = "Loi_Chao_Console", "Loi_Chao_Console\Loi_Chao_Console.csproj", "{540B4FC3-B8C5-4B3F-BAD5-CA859346C99E}"
EndProject
Project("{FAE04EC0-301F-11D3-BF4B-00C04F79EFBC}") = "Loi_Chao_Desktop", "Loi_Chao_Desktop\Loi_Chao_Desktop.csproj", "{6334B584-80E7-4E71-9941-C1836B3FFB0E}"
EndProject
Project("{FAE04EC0-301F-11D3-BF4B-00C04F79EFBC}") = "Loi_Chao_WEB", "Loi_Chao_WEB\Loi_Chao_WEB.csproj", "{C68C2804-975F-4632-B030-CD486801C957}"
EndProject
Global
	GlobalSection(SolutionConfigurationPlatforms) = preSolution
		Debug|Any CPU = Debug|Any CPU
		Release|Any CPU = Release|Any CPU
	EndGlobalSection
	GlobalSection(ProjectConfigurationPlatforms) = postSolution
		{540B4FC3-B8C5-4B3F-BAD5-CA859346C99E}.Debug|Any CPU.ActiveCfg = Debug|Any CPU
		{540B4FC3-B8C5-4B3F-BAD5-CA859346C99E}.Debug|Any CPU.Build.0 = Debug|Any CPU
		{540B4FC3-B8C5-4B3F-BAD5-CA859346C99E}.Release|Any CPU.ActiveCfg = Release|Any CPU
		{540B4FC3-B8C5-4B3F-BAD5-CA859346C99E}.Release|Any CPU.Build.0 = Release|Any CPU
		{6334B584-80E7-4E71-9941-C1836B3FFB0E}.Debug|Any CPU.ActiveCfg = Debug|Any CPU
		{6334B584-80E7-4E71-9941-C1836B3FFB0E}.Debug|Any CPU.Build.0 = Debug|Any CPU
		{6334B584-80E7-4E71-9941-C1836B3FFB0E}.Release|Any CPU.ActiveCfg = Release|Any CPU
		{6334B584-80E7-4E71-9941-C1836B3FFB0E}.Release|Any CPU.Build.0 = Release|Any CPU
		{C68C2804-975F-4632-B030-CD486801C957}.Debug|Any CPU.ActiveCfg = Debug|Any CPU
		{C68C2804-975F-4632-B030-CD486801C957}.Debug|Any CPU.Build.0 = Debug|Any CPU
		{C68C2804-975F-4632-B030-CD486801C957}.Release|Any CPU.ActiveCfg = Release|Any CPU
		{C68C2804-975F-4632-B030-CD486801C957}.Release|Any CPU.Build.0 = Release|Any CPU
	EndGlobalSection
	GlobalSection(SolutionProperties) = preSolution
		HideSolutionNode = FALSE
	EndGlobalSection
	GlobalSection(ExtensibilityGlobals) = postSolution
		SolutionGuid = {C8948308-D8FE-498A-B8FF-572CCC4B4B0C}
	EndGlobalSection
EndGlobal
